
Microsoft Visual Studio Solution File, Format Version 12.00
# Visual Studio 14
VisualStudioVersion = 14.0.23107.0
MinimumVisualStudioVersion = 10.0.40219.1
Project("{FAE04EC0-301F-11D3-BF4B-00C04F79EFBC}") = "EmblemPaint", "EmblemPaint\EmblemPaint.csproj", "{F7F6ADC8-7DC2-4D61-986E-EF0CCD088C75}"
EndProject
Project("{FAE04EC0-301F-11D3-BF4B-00C04F79EFBC}") = "Kernel", "Kernel\Kernel.csproj", "{2475425B-74F8-4F56-94D0-E656765D1BE1}"
EndProject
Project("{FAE04EC0-301F-11D3-BF4B-00C04F79EFBC}") = "ConfigGenerator", "ConfigGenerator\ConfigGenerator.csproj", "{38E4F26E-B7F2-4B0B-9222-A7B5BF598BC7}"
EndProject
Project("{FAE04EC0-301F-11D3-BF4B-00C04F79EFBC}") = "KernelTests", "KernelTests\KernelTests.csproj", "{9074EE18-149F-4770-A18C-C252E5C8569E}"
EndProject
Project("{FAE04EC0-301F-11D3-BF4B-00C04F79EFBC}") = "EmblemPaintTests", "EmblemPaintTests\EmblemPaintTests.csproj", "{383F5483-5357-41F8-8D9B-14B83E06CC5F}"
EndProject
Global
	GlobalSection(SolutionConfigurationPlatforms) = preSolution
		Debug|Any CPU = Debug|Any CPU
		Release|Any CPU = Release|Any CPU
	EndGlobalSection
	GlobalSection(ProjectConfigurationPlatforms) = postSolution
		{F7F6ADC8-7DC2-4D61-986E-EF0CCD088C75}.Debug|Any CPU.ActiveCfg = Debug|Any CPU
		{F7F6ADC8-7DC2-4D61-986E-EF0CCD088C75}.Debug|Any CPU.Build.0 = Debug|Any CPU
		{F7F6ADC8-7DC2-4D61-986E-EF0CCD088C75}.Release|Any CPU.ActiveCfg = Release|Any CPU
		{F7F6ADC8-7DC2-4D61-986E-EF0CCD088C75}.Release|Any CPU.Build.0 = Release|Any CPU
		{2475425B-74F8-4F56-94D0-E656765D1BE1}.Debug|Any CPU.ActiveCfg = Debug|Any CPU
		{2475425B-74F8-4F56-94D0-E656765D1BE1}.Debug|Any CPU.Build.0 = Debug|Any CPU
		{2475425B-74F8-4F56-94D0-E656765D1BE1}.Release|Any CPU.ActiveCfg = Release|Any CPU
		{2475425B-74F8-4F56-94D0-E656765D1BE1}.Release|Any CPU.Build.0 = Release|Any CPU
		{38E4F26E-B7F2-4B0B-9222-A7B5BF598BC7}.Debug|Any CPU.ActiveCfg = Debug|Any CPU
		{38E4F26E-B7F2-4B0B-9222-A7B5BF598BC7}.Debug|Any CPU.Build.0 = Debug|Any CPU
		{38E4F26E-B7F2-4B0B-9222-A7B5BF598BC7}.Release|Any CPU.ActiveCfg = Release|Any CPU
		{38E4F26E-B7F2-4B0B-9222-A7B5BF598BC7}.Release|Any CPU.Build.0 = Release|Any CPU
		{9074EE18-149F-4770-A18C-C252E5C8569E}.Debug|Any CPU.ActiveCfg = Debug|Any CPU
		{9074EE18-149F-4770-A18C-C252E5C8569E}.Debug|Any CPU.Build.0 = Debug|Any CPU
		{9074EE18-149F-4770-A18C-C252E5C8569E}.Release|Any CPU.ActiveCfg = Release|Any CPU
		{9074EE18-149F-4770-A18C-C252E5C8569E}.Release|Any CPU.Build.0 = Release|Any CPU
		{383F5483-5357-41F8-8D9B-14B83E06CC5F}.Debug|Any CPU.ActiveCfg = Debug|Any CPU
		{383F5483-5357-41F8-8D9B-14B83E06CC5F}.Debug|Any CPU.Build.0 = Debug|Any CPU
		{383F5483-5357-41F8-8D9B-14B83E06CC5F}.Release|Any CPU.ActiveCfg = Release|Any CPU
		{383F5483-5357-41F8-8D9B-14B83E06CC5F}.Release|Any CPU.Build.0 = Release|Any CPU
	EndGlobalSection
	GlobalSection(SolutionProperties) = preSolution
		HideSolutionNode = FALSE
	EndGlobalSection
EndGlobal
